
Microsoft Visual Studio Solution File, Format Version 12.00
# Visual Studio Version 16
VisualStudioVersion = 16.0.31229.75
MinimumVisualStudioVersion = 10.0.40219.1
Project("{FAE04EC0-301F-11D3-BF4B-00C04F79EFBC}") = "Assignment02QA", "Assignment02QA\Assignment02QA.csproj", "{7F97D355-2CF7-4E29-8D62-99FDFDCB13BC}"
EndProject
Project("{FAE04EC0-301F-11D3-BF4B-00C04F79EFBC}") = "Assignment02QATests", "Assignment02QATests\Assignment02QATests.csproj", "{C3912672-F562-4BD8-BADB-C460D8D191C5}"
EndProject
Global
	GlobalSection(SolutionConfigurationPlatforms) = preSolution
		Debug|Any CPU = Debug|Any CPU
		Release|Any CPU = Release|Any CPU
	EndGlobalSection
	GlobalSection(ProjectConfigurationPlatforms) = postSolution
		{7F97D355-2CF7-4E29-8D62-99FDFDCB13BC}.Debug|Any CPU.ActiveCfg = Debug|Any CPU
		{7F97D355-2CF7-4E29-8D62-99FDFDCB13BC}.Debug|Any CPU.Build.0 = Debug|Any CPU
		{7F97D355-2CF7-4E29-8D62-99FDFDCB13BC}.Release|Any CPU.ActiveCfg = Release|Any CPU
		{7F97D355-2CF7-4E29-8D62-99FDFDCB13BC}.Release|Any CPU.Build.0 = Release|Any CPU
		{C3912672-F562-4BD8-BADB-C460D8D191C5}.Debug|Any CPU.ActiveCfg = Debug|Any CPU
		{C3912672-F562-4BD8-BADB-C460D8D191C5}.Debug|Any CPU.Build.0 = Debug|Any CPU
		{C3912672-F562-4BD8-BADB-C460D8D191C5}.Release|Any CPU.ActiveCfg = Release|Any CPU
		{C3912672-F562-4BD8-BADB-C460D8D191C5}.Release|Any CPU.Build.0 = Release|Any CPU
	EndGlobalSection
	GlobalSection(SolutionProperties) = preSolution
		HideSolutionNode = FALSE
	EndGlobalSection
	GlobalSection(ExtensibilityGlobals) = postSolution
		SolutionGuid = {956CEA1F-678E-4635-AA09-9EB7ACA110F0}
	EndGlobalSection
EndGlobal
